// !$*UTF8*$!
{
	archiveVersion = 1;
	classes = {
	};
	objectVersion = 77;
	objects = {

/* Begin PBXBuildFile section */
		7E08A8A73ABD46362E86CB3A /* KakaoSDKCommon in Frameworks */ = {isa = PBXBuildFile; productRef = 1E8A3CBA9AE84CF25E2222D9 /* KakaoSDKCommon */; };
		A1B2C3D4E5F60718293A4B5C /* CropViewController in Frameworks */ = {isa = PBXBuildFile; productRef = A1B2C3D4E5F60718293A4B5E /* CropViewController */; };
		B1F7A6D33A2A4E8E90A1B2C3 /* GoogleSignIn in Frameworks */ = {isa = PBXBuildFile; productRef = B1F7A6D53A2A4E8E90A1B2C3 /* GoogleSignIn */; };
		CEC079D4BD484F56778A2A81 /* KakaoSDKUser in Frameworks */ = {isa = PBXBuildFile; productRef = 42BDA0503ADECA07D84BAC35 /* KakaoSDKUser */; };
		CF3CF44260AE024C874334F0 /* KakaoSDKAuth in Frameworks */ = {isa = PBXBuildFile; productRef = E8B07E3586D33D293ED83D95 /* KakaoSDKAuth */; };
		D4F012B93B3D8A4C00A1AA01 /* GoogleSignInSwift in Frameworks */ = {isa = PBXBuildFile; productRef = D4F012BA3B3D8A4C00A1AA01 /* GoogleSignInSwift */; };
/* End PBXBuildFile section */

/* Begin PBXContainerItemProxy section */
		64BE9DB52F41A499005AF678 /* PBXContainerItemProxy */ = {
			isa = PBXContainerItemProxy;
			containerPortal = 64BE9D9F2F41A497005AF678 /* Project object */;
			proxyType = 1;
			remoteGlobalIDString = 64BE9DA62F41A497005AF678;
			remoteInfo = NailClient;
		};
		64BE9DBF2F41A499005AF678 /* PBXContainerItemProxy */ = {
			isa = PBXContainerItemProxy;
			containerPortal = 64BE9D9F2F41A497005AF678 /* Project object */;
			proxyType = 1;
			remoteGlobalIDString = 64BE9DA62F41A497005AF678;
			remoteInfo = NailClient;
		};
/* End PBXContainerItemProxy section */

/* Begin PBXFileReference section */
		64BE9DA72F41A497005AF678 /* NailClient.app */ = {isa = PBXFileReference; explicitFileType = wrapper.application; includeInIndex = 0; path = NailClient.app; sourceTree = BUILT_PRODUCTS_DIR; };
		64BE9DB42F41A499005AF678 /* NailClientTests.xctest */ = {isa = PBXFileReference; explicitFileType = wrapper.cfbundle; includeInIndex = 0; path = NailClientTests.xctest; sourceTree = BUILT_PRODUCTS_DIR; };
		64BE9DBE2F41A499005AF678 /* NailClientUITests.xctest */ = {isa = PBXFileReference; explicitFileType = wrapper.cfbundle; includeInIndex = 0; path = NailClientUITests.xctest; sourceTree = BUILT_PRODUCTS_DIR; };
/* End PBXFileReference section */

/* Begin PBXFileSystemSynchronizedBuildFileExceptionSet section */
		CC986F0336D9245E749CB6AD /* Exceptions for "NailClient" folder in "NailClient" target */ = {
			isa = PBXFileSystemSynchronizedBuildFileExceptionSet;
			membershipExceptions = (
				Info.plist,
			);
			target = 64BE9DA62F41A497005AF678 /* NailClient */;
		};
/* End PBXFileSystemSynchronizedBuildFileExceptionSet section */

/* Begin PBXFileSystemSynchronizedRootGroup section */
		64BE9DA92F41A497005AF678 /* NailClient */ = {
			isa = PBXFileSystemSynchronizedRootGroup;
			exceptions = (
				CC986F0336D9245E749CB6AD /* Exceptions for "NailClient" folder in "NailClient" target */,
			);
			path = NailClient;
			sourceTree = "<group>";
		};
		64BE9DB72F41A499005AF678 /* NailClientTests */ = {
			isa = PBXFileSystemSynchronizedRootGroup;
			path = NailClientTests;
			sourceTree = "<group>";
		};
		64BE9DC12F41A499005AF678 /* NailClientUITests */ = {
			isa = PBXFileSystemSynchronizedRootGroup;
			path = NailClientUITests;
			sourceTree = "<group>";
		};
/* End PBXFileSystemSynchronizedRootGroup section */

/* Begin PBXFrameworksBuildPhase section */
		64BE9DA42F41A497005AF678 /* Frameworks */ = {
			isa = PBXFrameworksBuildPhase;
			buildActionMask = 2147483647;
			files = (
				A1B2C3D4E5F60718293A4B5C /* CropViewController in Frameworks */,
				B1F7A6D33A2A4E8E90A1B2C3 /* GoogleSignIn in Frameworks */,
				D4F012B93B3D8A4C00A1AA01 /* GoogleSignInSwift in Frameworks */,
				7E08A8A73ABD46362E86CB3A /* KakaoSDKCommon in Frameworks */,
				CF3CF44260AE024C874334F0 /* KakaoSDKAuth in Frameworks */,
				CEC079D4BD484F56778A2A81 /* KakaoSDKUser in Frameworks */,
			);
			runOnlyForDeploymentPostprocessing = 0;
		};
		64BE9DB12F41A499005AF678 /* Frameworks */ = {
			isa = PBXFrameworksBuildPhase;
			buildActionMask = 2147483647;
			files = (
			);
			runOnlyForDeploymentPostprocessing = 0;
		};
		64BE9DBB2F41A499005AF678 /* Frameworks */ = {
			isa = PBXFrameworksBuildPhase;
			buildActionMask = 2147483647;
			files = (
			);
			runOnlyForDeploymentPostprocessing = 0;
		};
/* End PBXFrameworksBuildPhase section */

/* Begin PBXGroup section */
		64BE9D9E2F41A497005AF678 = {
			isa = PBXGroup;
			children = (
				64BE9DA92F41A497005AF678 /* NailClient */,
				64BE9DB72F41A499005AF678 /* NailClientTests */,
				64BE9DC12F41A499005AF678 /* NailClientUITests */,
				64BE9DA82F41A497005AF678 /* Products */,
			);
			sourceTree = "<group>";
		};
		64BE9DA82F41A497005AF678 /* Products */ = {
			isa = PBXGroup;
			children = (
				64BE9DA72F41A497005AF678 /* NailClient.app */,
				64BE9DB42F41A499005AF678 /* NailClientTests.xctest */,
				64BE9DBE2F41A499005AF678 /* NailClientUITests.xctest */,
			);
			name = Products;
			sourceTree = "<group>";
		};
/* End PBXGroup section */

/* Begin PBXNativeTarget section */
		64BE9DA62F41A497005AF678 /* NailClient */ = {
			isa = PBXNativeTarget;
			buildConfigurationList = 64BE9DC82F41A499005AF678 /* Build configuration list for PBXNativeTarget "NailClient" */;
			buildPhases = (
				64BE9DA32F41A497005AF678 /* Sources */,
				64BE9DA42F41A497005AF678 /* Frameworks */,
				64BE9DA52F41A497005AF678 /* Resources */,
			);
			buildRules = (
			);
			dependencies = (
			);
			fileSystemSynchronizedGroups = (
				64BE9DA92F41A497005AF678 /* NailClient */,
			);
			name = NailClient;
			packageProductDependencies = (
				A1B2C3D4E5F60718293A4B5E /* CropViewController */,
				B1F7A6D53A2A4E8E90A1B2C3 /* GoogleSignIn */,
				D4F012BA3B3D8A4C00A1AA01 /* GoogleSignInSwift */,
				1E8A3CBA9AE84CF25E2222D9 /* KakaoSDKCommon */,
				E8B07E3586D33D293ED83D95 /* KakaoSDKAuth */,
				42BDA0503ADECA07D84BAC35 /* KakaoSDKUser */,
			);
			productName = NailClient;
			productReference = 64BE9DA72F41A497005AF678 /* NailClient.app */;
			productType = "com.apple.product-type.application";
		};
		64BE9DB32F41A499005AF678 /* NailClientTests */ = {
			isa = PBXNativeTarget;
			buildConfigurationList = 64BE9DCB2F41A499005AF678 /* Build configuration list for PBXNativeTarget "NailClientTests" */;
			buildPhases = (
				64BE9DB02F41A499005AF678 /* Sources */,
				64BE9DB12F41A499005AF678 /* Frameworks */,
				64BE9DB22F41A499005AF678 /* Resources */,
			);
			buildRules = (
			);
			dependencies = (
				64BE9DB62F41A499005AF678 /* PBXTargetDependency */,
			);
			fileSystemSynchronizedGroups = (
				64BE9DB72F41A499005AF678 /* NailClientTests */,
			);
			name = NailClientTests;
			packageProductDependencies = (
			);
			productName = NailClientTests;
			productReference = 64BE9DB42F41A499005AF678 /* NailClientTests.xctest */;
			productType = "com.apple.product-type.bundle.unit-test";
		};
		64BE9DBD2F41A499005AF678 /* NailClientUITests */ = {
			isa = PBXNativeTarget;
			buildConfigurationList = 64BE9DCE2F41A499005AF678 /* Build configuration list for PBXNativeTarget "NailClientUITests" */;
			buildPhases = (
				64BE9DBA2F41A499005AF678 /* Sources */,
				64BE9DBB2F41A499005AF678 /* Frameworks */,
				64BE9DBC2F41A499005AF678 /* Resources */,
			);
			buildRules = (
			);
			dependencies = (
				64BE9DC02F41A499005AF678 /* PBXTargetDependency */,
			);
			fileSystemSynchronizedGroups = (
				64BE9DC12F41A499005AF678 /* NailClientUITests */,
			);
			name = NailClientUITests;
			packageProductDependencies = (
			);
			productName = NailClientUITests;
			productReference = 64BE9DBE2F41A499005AF678 /* NailClientUITests.xctest */;
			productType = "com.apple.product-type.bundle.ui-testing";
		};
/* End PBXNativeTarget section */

/* Begin PBXProject section */
		64BE9D9F2F41A497005AF678 /* Project object */ = {
			isa = PBXProject;
			attributes = {
				BuildIndependentTargetsInParallel = 1;
				LastSwiftUpdateCheck = 2600;
				LastUpgradeCheck = 2600;
				TargetAttributes = {
					64BE9DA62F41A497005AF678 = {
						CreatedOnToolsVersion = 26.0;
					};
					64BE9DB32F41A499005AF678 = {
						CreatedOnToolsVersion = 26.0;
						TestTargetID = 64BE9DA62F41A497005AF678;
					};
					64BE9DBD2F41A499005AF678 = {
						CreatedOnToolsVersion = 26.0;
						TestTargetID = 64BE9DA62F41A497005AF678;
					};
				};
			};
			buildConfigurationList = 64BE9DA22F41A497005AF678 /* Build configuration list for PBXProject "NailClient" */;
			developmentRegion = en;
			hasScannedForEncodings = 0;
			knownRegions = (
				en,
				Base,
				ko,
			);
			mainGroup = 64BE9D9E2F41A497005AF678;
			minimizedProjectReferenceProxies = 1;
			packageReferences = (
				A1B2C3D4E5F60718293A4B5D /* XCRemoteSwiftPackageReference "TOCropViewController" */,
				B1F7A6D43A2A4E8E90A1B2C3 /* XCRemoteSwiftPackageReference "GoogleSignIn-iOS" */,
				51228C5B7E899AF14E40B2DF /* XCRemoteSwiftPackageReference "kakao-ios-sdk" */,
			);
			preferredProjectObjectVersion = 77;
			productRefGroup = 64BE9DA82F41A497005AF678 /* Products */;
			projectDirPath = "";
			projectRoot = "";
			targets = (
				64BE9DA62F41A497005AF678 /* NailClient */,
				64BE9DB32F41A499005AF678 /* NailClientTests */,
				64BE9DBD2F41A499005AF678 /* NailClientUITests */,
			);
		};
/* End PBXProject section */

/* Begin PBXResourcesBuildPhase section */
		64BE9DA52F41A497005AF678 /* Resources */ = {
			isa = PBXResourcesBuildPhase;
			buildActionMask = 2147483647;
			files = (
			);
			runOnlyForDeploymentPostprocessing = 0;
		};
		64BE9DB22F41A499005AF678 /* Resources */ = {
			isa = PBXResourcesBuildPhase;
			buildActionMask = 2147483647;
			files = (
			);
			runOnlyForDeploymentPostprocessing = 0;
		};
		64BE9DBC2F41A499005AF678 /* Resources */ = {
			isa = PBXResourcesBuildPhase;
			buildActionMask = 2147483647;
			files = (
			);
			runOnlyForDeploymentPostprocessing = 0;
		};
/* End PBXResourcesBuildPhase section */

/* Begin PBXSourcesBuildPhase section */
		64BE9DA32F41A497005AF678 /* Sources */ = {
			isa = PBXSourcesBuildPhase;
			buildActionMask = 2147483647;
			files = (
			);
			runOnlyForDeploymentPostprocessing = 0;
		};
		64BE9DB02F41A499005AF678 /* Sources */ = {
			isa = PBXSourcesBuildPhase;
			buildActionMask = 2147483647;
			files = (
			);
			runOnlyForDeploymentPostprocessing = 0;
		};
		64BE9DBA2F41A499005AF678 /* Sources */ = {
			isa = PBXSourcesBuildPhase;
			buildActionMask = 2147483647;
			files = (
			);
			runOnlyForDeploymentPostprocessing = 0;
		};
/* End PBXSourcesBuildPhase section */

/* Begin PBXTargetDependency section */
		64BE9DB62F41A499005AF678 /* PBXTargetDependency */ = {
			isa = PBXTargetDependency;
			target = 64BE9DA62F41A497005AF678 /* NailClient */;
			targetProxy = 64BE9DB52F41A499005AF678 /* PBXContainerItemProxy */;
		};
		64BE9DC02F41A499005AF678 /* PBXTargetDependency */ = {
			isa = PBXTargetDependency;
			target = 64BE9DA62F41A497005AF678 /* NailClient */;
			targetProxy = 64BE9DBF2F41A499005AF678 /* PBXContainerItemProxy */;
		};
/* End PBXTargetDependency section */

/* Begin XCBuildConfiguration section */
		64BE9DC62F41A499005AF678 /* Debug */ = {
			isa = XCBuildConfiguration;
			buildSettings = {
				ALWAYS_SEARCH_USER_PATHS = NO;
				ASSETCATALOG_COMPILER_GENERATE_SWIFT_ASSET_SYMBOL_EXTENSIONS = YES;
				CLANG_ANALYZER_NONNULL = YES;
				CLANG_ANALYZER_NUMBER_OBJECT_CONVERSION = YES_AGGRESSIVE;
				CLANG_CXX_LANGUAGE_STANDARD = "gnu++20";
				CLANG_ENABLE_MODULES = YES;
				CLANG_ENABLE_OBJC_ARC = YES;
				CLANG_ENABLE_OBJC_WEAK = YES;
				CLANG_WARN_BLOCK_CAPTURE_AUTORELEASING = YES;
				CLANG_WARN_BOOL_CONVERSION = YES;
				CLANG_WARN_COMMA = YES;
				CLANG_WARN_CONSTANT_CONVERSION = YES;
				CLANG_WARN_DEPRECATED_OBJC_IMPLEMENTATIONS = YES;
				CLANG_WARN_DIRECT_OBJC_ISA_USAGE = YES_ERROR;
				CLANG_WARN_DOCUMENTATION_COMMENTS = YES;
				CLANG_WARN_EMPTY_BODY = YES;
				CLANG_WARN_ENUM_CONVERSION = YES;
				CLANG_WARN_INFINITE_RECURSION = YES;
				CLANG_WARN_INT_CONVERSION = YES;
				CLANG_WARN_NON_LITERAL_NULL_CONVERSION = YES;
				CLANG_WARN_OBJC_IMPLICIT_RETAIN_SELF = YES;
				CLANG_WARN_OBJC_LITERAL_CONVERSION = YES;
				CLANG_WARN_OBJC_ROOT_CLASS = YES_ERROR;
				CLANG_WARN_QUOTED_INCLUDE_IN_FRAMEWORK_HEADER = YES;
				CLANG_WARN_RANGE_LOOP_ANALYSIS = YES;
				CLANG_WARN_STRICT_PROTOTYPES = YES;
				CLANG_WARN_SUSPICIOUS_MOVE = YES;
				CLANG_WARN_UNGUARDED_AVAILABILITY = YES_AGGRESSIVE;
				CLANG_WARN_UNREACHABLE_CODE = YES;
				CLANG_WARN__DUPLICATE_METHOD_MATCH = YES;
				COPY_PHASE_STRIP = NO;
				DEBUG_INFORMATION_FORMAT = dwarf;
				DEVELOPMENT_TEAM = 645W85U664;
				ENABLE_STRICT_OBJC_MSGSEND = YES;
				ENABLE_TESTABILITY = YES;
				ENABLE_USER_SCRIPT_SANDBOXING = YES;
				GCC_C_LANGUAGE_STANDARD = gnu17;
				GCC_DYNAMIC_NO_PIC = NO;
				GCC_NO_COMMON_BLOCKS = YES;
				GCC_OPTIMIZATION_LEVEL = 0;
				GCC_PREPROCESSOR_DEFINITIONS = (
					"DEBUG=1",
					"$(inherited)",
				);
				GCC_WARN_64_TO_32_BIT_CONVERSION = YES;
				GCC_WARN_ABOUT_RETURN_TYPE = YES_ERROR;
				GCC_WARN_UNDECLARED_SELECTOR = YES;
				GCC_WARN_UNINITIALIZED_AUTOS = YES_AGGRESSIVE;
				GCC_WARN_UNUSED_FUNCTION = YES;
				GCC_WARN_UNUSED_VARIABLE = YES;
				IPHONEOS_DEPLOYMENT_TARGET = 26.0;
				LOCALIZATION_PREFERS_STRING_CATALOGS = YES;
				MTL_ENABLE_DEBUG_INFO = INCLUDE_SOURCE;
				MTL_FAST_MATH = YES;
				ONLY_ACTIVE_ARCH = YES;
				SDKROOT = iphoneos;
				SWIFT_ACTIVE_COMPILATION_CONDITIONS = "DEBUG $(inherited)";
				SWIFT_OPTIMIZATION_LEVEL = "-Onone";
			};
			name = Debug;
		};
		64BE9DC72F41A499005AF678 /* Release */ = {
			isa = XCBuildConfiguration;
			buildSettings = {
				ALWAYS_SEARCH_USER_PATHS = NO;
				ASSETCATALOG_COMPILER_GENERATE_SWIFT_ASSET_SYMBOL_EXTENSIONS = YES;
				CLANG_ANALYZER_NONNULL = YES;
				CLANG_ANALYZER_NUMBER_OBJECT_CONVERSION = YES_AGGRESSIVE;
				CLANG_CXX_LANGUAGE_STANDARD = "gnu++20";
				CLANG_ENABLE_MODULES = YES;
				CLANG_ENABLE_OBJC_ARC = YES;
				CLANG_ENABLE_OBJC_WEAK = YES;
				CLANG_WARN_BLOCK_CAPTURE_AUTORELEASING = YES;
				CLANG_WARN_BOOL_CONVERSION = YES;
				CLANG_WARN_COMMA = YES;
				CLANG_WARN_CONSTANT_CONVERSION = YES;
				CLANG_WARN_DEPRECATED_OBJC_IMPLEMENTATIONS = YES;
				CLANG_WARN_DIRECT_OBJC_ISA_USAGE = YES_ERROR;
				CLANG_WARN_DOCUMENTATION_COMMENTS = YES;
				CLANG_WARN_EMPTY_BODY = YES;
				CLANG_WARN_ENUM_CONVERSION = YES;
				CLANG_WARN_INFINITE_RECURSION = YES;
				CLANG_WARN_INT_CONVERSION = YES;
				CLANG_WARN_NON_LITERAL_NULL_CONVERSION = YES;
				CLANG_WARN_OBJC_IMPLICIT_RETAIN_SELF = YES;
				CLANG_WARN_OBJC_LITERAL_CONVERSION = YES;
				CLANG_WARN_OBJC_ROOT_CLASS = YES_ERROR;
				CLANG_WARN_QUOTED_INCLUDE_IN_FRAMEWORK_HEADER = YES;
				CLANG_WARN_RANGE_LOOP_ANALYSIS = YES;
				CLANG_WARN_STRICT_PROTOTYPES = YES;
				CLANG_WARN_SUSPICIOUS_MOVE = YES;
				CLANG_WARN_UNGUARDED_AVAILABILITY = YES_AGGRESSIVE;
				CLANG_WARN_UNREACHABLE_CODE = YES;
				CLANG_WARN__DUPLICATE_METHOD_MATCH = YES;
				COPY_PHASE_STRIP = NO;
				DEBUG_INFORMATION_FORMAT = "dwarf-with-dsym";
				DEVELOPMENT_TEAM = 645W85U664;
				ENABLE_NS_ASSERTIONS = NO;
				ENABLE_STRICT_OBJC_MSGSEND = YES;
				ENABLE_USER_SCRIPT_SANDBOXING = YES;
				GCC_C_LANGUAGE_STANDARD = gnu17;
				GCC_NO_COMMON_BLOCKS = YES;
				GCC_WARN_64_TO_32_BIT_CONVERSION = YES;
				GCC_WARN_ABOUT_RETURN_TYPE = YES_ERROR;
				GCC_WARN_UNDECLARED_SELECTOR = YES;
				GCC_WARN_UNINITIALIZED_AUTOS = YES_AGGRESSIVE;
				GCC_WARN_UNUSED_FUNCTION = YES;
				GCC_WARN_UNUSED_VARIABLE = YES;
				IPHONEOS_DEPLOYMENT_TARGET = 26.0;
				LOCALIZATION_PREFERS_STRING_CATALOGS = YES;
				MTL_ENABLE_DEBUG_INFO = NO;
				MTL_FAST_MATH = YES;
				SDKROOT = iphoneos;
				SWIFT_COMPILATION_MODE = wholemodule;
				VALIDATE_PRODUCT = YES;
			};
			name = Release;
		};
		64BE9DC92F41A499005AF678 /* Debug */ = {
			isa = XCBuildConfiguration;
			buildSettings = {
				APS_ENVIRONMENT = development;
				ASSETCATALOG_COMPILER_APPICON_NAME = todays_nail;
				ASSETCATALOG_COMPILER_GLOBAL_ACCENT_COLOR_NAME = AccentColor;
				CODE_SIGN_ENTITLEMENTS = NailClient/NailClient.entitlements;
				CODE_SIGN_STYLE = Automatic;
				CURRENT_PROJECT_VERSION = 1;
				DEVELOPMENT_TEAM = 645W85U664;
				ENABLE_PREVIEWS = YES;
				GENERATE_INFOPLIST_FILE = NO;
				GOOGLE_IOS_CLIENT_ID = "209960357031-t5lhe94kmqb8pa27ggg9qtsfqhe5hgj8.apps.googleusercontent.com";
				GOOGLE_REVERSED_CLIENT_ID = "com.googleusercontent.apps.209960357031-t5lhe94kmqb8pa27ggg9qtsfqhe5hgj8";
				GOOGLE_WEB_CLIENT_ID = "209960357031-nhbh95dt8tm0a41lj9kvt27jh5egf8fa.apps.googleusercontent.com";
				INFOPLIST_FILE = NailClient/Info.plist;
				INFOPLIST_KEY_UIApplicationSceneManifest_Generation = YES;
				INFOPLIST_KEY_UIApplicationSupportsIndirectInputEvents = YES;
				INFOPLIST_KEY_UILaunchScreen_Generation = NO;
				INFOPLIST_KEY_UILaunchStoryboardName = LaunchScreen;
				INFOPLIST_KEY_UISupportedInterfaceOrientations_iPad = "UIInterfaceOrientationPortrait UIInterfaceOrientationPortraitUpsideDown UIInterfaceOrientationLandscapeLeft UIInterfaceOrientationLandscapeRight";
				INFOPLIST_KEY_UISupportedInterfaceOrientations_iPhone = "UIInterfaceOrientationPortrait UIInterfaceOrientationLandscapeLeft UIInterfaceOrientationLandscapeRight";
				LD_RUNPATH_SEARCH_PATHS = (
					"$(inherited)",
					"@executable_path/Frameworks",
				);
				MARKETING_VERSION = 1.0;
				PRODUCT_BUNDLE_IDENTIFIER = com.todaysnail.NailClient;
				PRODUCT_NAME = "$(TARGET_NAME)";
				STRING_CATALOG_GENERATE_SYMBOLS = YES;
				SWIFT_APPROACHABLE_CONCURRENCY = YES;
				SWIFT_DEFAULT_ACTOR_ISOLATION = MainActor;
				SWIFT_EMIT_LOC_STRINGS = YES;
				SWIFT_UPCOMING_FEATURE_MEMBER_IMPORT_VISIBILITY = YES;
				SWIFT_VERSION = 5.0;
				TARGETED_DEVICE_FAMILY = "1,2";
			};
			name = Debug;
		};
		64BE9DCA2F41A499005AF678 /* Release */ = {
			isa = XCBuildConfiguration;
			buildSettings = {
				APS_ENVIRONMENT = production;
				ASSETCATALOG_COMPILER_APPICON_NAME = todays_nail;
				ASSETCATALOG_COMPILER_GLOBAL_ACCENT_COLOR_NAME = AccentColor;
				CODE_SIGN_ENTITLEMENTS = NailClient/NailClient.entitlements;
				CODE_SIGN_STYLE = Automatic;
				CURRENT_PROJECT_VERSION = 1;
				DEVELOPMENT_TEAM = 645W85U664;
				ENABLE_PREVIEWS = YES;
				GENERATE_INFOPLIST_FILE = NO;
				GOOGLE_IOS_CLIENT_ID = "209960357031-t5lhe94kmqb8pa27ggg9qtsfqhe5hgj8.apps.googleusercontent.com";
				GOOGLE_REVERSED_CLIENT_ID = "com.googleusercontent.apps.209960357031-t5lhe94kmqb8pa27ggg9qtsfqhe5hgj8";
				GOOGLE_WEB_CLIENT_ID = "209960357031-nhbh95dt8tm0a41lj9kvt27jh5egf8fa.apps.googleusercontent.com";
				INFOPLIST_FILE = NailClient/Info.plist;
				INFOPLIST_KEY_UIApplicationSceneManifest_Generation = YES;
				INFOPLIST_KEY_UIApplicationSupportsIndirectInputEvents = YES;
				INFOPLIST_KEY_UILaunchScreen_Generation = NO;
				INFOPLIST_KEY_UILaunchStoryboardName = LaunchScreen;
				INFOPLIST_KEY_UISupportedInterfaceOrientations_iPad = "UIInterfaceOrientationPortrait UIInterfaceOrientationPortraitUpsideDown UIInterfaceOrientationLandscapeLeft UIInterfaceOrientationLandscapeRight";
				INFOPLIST_KEY_UISupportedInterfaceOrientations_iPhone = "UIInterfaceOrientationPortrait UIInterfaceOrientationLandscapeLeft UIInterfaceOrientationLandscapeRight";
				LD_RUNPATH_SEARCH_PATHS = (
					"$(inherited)",
					"@executable_path/Frameworks",
				);
				MARKETING_VERSION = 1.0;
				PRODUCT_BUNDLE_IDENTIFIER = com.todaysnail.NailClient;
				PRODUCT_NAME = "$(TARGET_NAME)";
				STRING_CATALOG_GENERATE_SYMBOLS = YES;
				SWIFT_APPROACHABLE_CONCURRENCY = YES;
				SWIFT_DEFAULT_ACTOR_ISOLATION = MainActor;
				SWIFT_EMIT_LOC_STRINGS = YES;
				SWIFT_UPCOMING_FEATURE_MEMBER_IMPORT_VISIBILITY = YES;
				SWIFT_VERSION = 5.0;
				TARGETED_DEVICE_FAMILY = "1,2";
			};
			name = Release;
		};
		64BE9DCC2F41A499005AF678 /* Debug */ = {
			isa = XCBuildConfiguration;
			buildSettings = {
				BUNDLE_LOADER = "$(TEST_HOST)";
				CODE_SIGN_STYLE = Automatic;
				CURRENT_PROJECT_VERSION = 1;
				DEVELOPMENT_TEAM = 645W85U664;
				GENERATE_INFOPLIST_FILE = YES;
				IPHONEOS_DEPLOYMENT_TARGET = 26.0;
				MARKETING_VERSION = 1.0;
				PRODUCT_BUNDLE_IDENTIFIER = com.todaysnail.NailClientTests;
				PRODUCT_NAME = "$(TARGET_NAME)";
				STRING_CATALOG_GENERATE_SYMBOLS = NO;
				SWIFT_APPROACHABLE_CONCURRENCY = YES;
				SWIFT_EMIT_LOC_STRINGS = NO;
				SWIFT_UPCOMING_FEATURE_MEMBER_IMPORT_VISIBILITY = YES;
				SWIFT_VERSION = 5.0;
				TARGETED_DEVICE_FAMILY = "1,2";
				TEST_HOST = "$(BUILT_PRODUCTS_DIR)/NailClient.app/$(BUNDLE_EXECUTABLE_FOLDER_PATH)/NailClient";
			};
			name = Debug;
		};
		64BE9DCD2F41A499005AF678 /* Release */ = {
			isa = XCBuildConfiguration;
			buildSettings = {
				BUNDLE_LOADER = "$(TEST_HOST)";
				CODE_SIGN_STYLE = Automatic;
				CURRENT_PROJECT_VERSION = 1;
				DEVELOPMENT_TEAM = 645W85U664;
				GENERATE_INFOPLIST_FILE = YES;
				IPHONEOS_DEPLOYMENT_TARGET = 26.0;
				MARKETING_VERSION = 1.0;
				PRODUCT_BUNDLE_IDENTIFIER = com.todaysnail.NailClientTests;
				PRODUCT_NAME = "$(TARGET_NAME)";
				STRING_CATALOG_GENERATE_SYMBOLS = NO;
				SWIFT_APPROACHABLE_CONCURRENCY = YES;
				SWIFT_EMIT_LOC_STRINGS = NO;
				SWIFT_UPCOMING_FEATURE_MEMBER_IMPORT_VISIBILITY = YES;
				SWIFT_VERSION = 5.0;
				TARGETED_DEVICE_FAMILY = "1,2";
				TEST_HOST = "$(BUILT_PRODUCTS_DIR)/NailClient.app/$(BUNDLE_EXECUTABLE_FOLDER_PATH)/NailClient";
			};
			name = Release;
		};
		64BE9DCF2F41A499005AF678 /* Debug */ = {
			isa = XCBuildConfiguration;
			buildSettings = {
				CODE_SIGN_STYLE = Automatic;
				CURRENT_PROJECT_VERSION = 1;
				DEVELOPMENT_TEAM = 645W85U664;
				GENERATE_INFOPLIST_FILE = YES;
				MARKETING_VERSION = 1.0;
				PRODUCT_BUNDLE_IDENTIFIER = com.todaysnail.NailClientUITests;
				PRODUCT_NAME = "$(TARGET_NAME)";
				STRING_CATALOG_GENERATE_SYMBOLS = NO;
				SWIFT_APPROACHABLE_CONCURRENCY = YES;
				SWIFT_EMIT_LOC_STRINGS = NO;
				SWIFT_UPCOMING_FEATURE_MEMBER_IMPORT_VISIBILITY = YES;
				SWIFT_VERSION = 5.0;
				TARGETED_DEVICE_FAMILY = "1,2";
				TEST_TARGET_NAME = NailClient;
			};
			name = Debug;
		};
		64BE9DD02F41A499005AF678 /* Release */ = {
			isa = XCBuildConfiguration;
			buildSettings = {
				CODE_SIGN_STYLE = Automatic;
				CURRENT_PROJECT_VERSION = 1;
				DEVELOPMENT_TEAM = 645W85U664;
				GENERATE_INFOPLIST_FILE = YES;
				MARKETING_VERSION = 1.0;
				PRODUCT_BUNDLE_IDENTIFIER = com.todaysnail.NailClientUITests;
				PRODUCT_NAME = "$(TARGET_NAME)";
				STRING_CATALOG_GENERATE_SYMBOLS = NO;
				SWIFT_APPROACHABLE_CONCURRENCY = YES;
				SWIFT_EMIT_LOC_STRINGS = NO;
				SWIFT_UPCOMING_FEATURE_MEMBER_IMPORT_VISIBILITY = YES;
				SWIFT_VERSION = 5.0;
				TARGETED_DEVICE_FAMILY = "1,2";
				TEST_TARGET_NAME = NailClient;
			};
			name = Release;
		};
/* End XCBuildConfiguration section */

/* Begin XCConfigurationList section */
		64BE9DA22F41A497005AF678 /* Build configuration list for PBXProject "NailClient" */ = {
			isa = XCConfigurationList;
			buildConfigurations = (
				64BE9DC62F41A499005AF678 /* Debug */,
				64BE9DC72F41A499005AF678 /* Release */,
			);
			defaultConfigurationIsVisible = 0;
			defaultConfigurationName = Release;
		};
		64BE9DC82F41A499005AF678 /* Build configuration list for PBXNativeTarget "NailClient" */ = {
			isa = XCConfigurationList;
			buildConfigurations = (
				64BE9DC92F41A499005AF678 /* Debug */,
				64BE9DCA2F41A499005AF678 /* Release */,
			);
			defaultConfigurationIsVisible = 0;
			defaultConfigurationName = Release;
		};
		64BE9DCB2F41A499005AF678 /* Build configuration list for PBXNativeTarget "NailClientTests" */ = {
			isa = XCConfigurationList;
			buildConfigurations = (
				64BE9DCC2F41A499005AF678 /* Debug */,
				64BE9DCD2F41A499005AF678 /* Release */,
			);
			defaultConfigurationIsVisible = 0;
			defaultConfigurationName = Release;
		};
		64BE9DCE2F41A499005AF678 /* Build configuration list for PBXNativeTarget "NailClientUITests" */ = {
			isa = XCConfigurationList;
			buildConfigurations = (
				64BE9DCF2F41A499005AF678 /* Debug */,
				64BE9DD02F41A499005AF678 /* Release */,
			);
			defaultConfigurationIsVisible = 0;
			defaultConfigurationName = Release;
		};
/* End XCConfigurationList section */

/* Begin XCRemoteSwiftPackageReference section */
		51228C5B7E899AF14E40B2DF /* XCRemoteSwiftPackageReference "kakao-ios-sdk" */ = {
			isa = XCRemoteSwiftPackageReference;
			repositoryURL = "https://github.com/kakao/kakao-ios-sdk.git";
			requirement = {
				kind = upToNextMajorVersion;
				minimumVersion = 2.27.2;
			};
		};
		A1B2C3D4E5F60718293A4B5D /* XCRemoteSwiftPackageReference "TOCropViewController" */ = {
			isa = XCRemoteSwiftPackageReference;
			repositoryURL = "https://github.com/TimOliver/TOCropViewController.git";
			requirement = {
				kind = upToNextMajorVersion;
				minimumVersion = 3.1.1;
			};
		};
		B1F7A6D43A2A4E8E90A1B2C3 /* XCRemoteSwiftPackageReference "GoogleSignIn-iOS" */ = {
			isa = XCRemoteSwiftPackageReference;
			repositoryURL = "https://github.com/google/GoogleSignIn-iOS.git";
			requirement = {
				kind = upToNextMajorVersion;
				minimumVersion = 8.0.0;
			};
		};
/* End XCRemoteSwiftPackageReference section */

/* Begin XCSwiftPackageProductDependency section */
		1E8A3CBA9AE84CF25E2222D9 /* KakaoSDKCommon */ = {
			isa = XCSwiftPackageProductDependency;
			package = 51228C5B7E899AF14E40B2DF /* XCRemoteSwiftPackageReference "kakao-ios-sdk" */;
			productName = KakaoSDKCommon;
		};
		42BDA0503ADECA07D84BAC35 /* KakaoSDKUser */ = {
			isa = XCSwiftPackageProductDependency;
			package = 51228C5B7E899AF14E40B2DF /* XCRemoteSwiftPackageReference "kakao-ios-sdk" */;
			productName = KakaoSDKUser;
		};
		A1B2C3D4E5F60718293A4B5E /* CropViewController */ = {
			isa = XCSwiftPackageProductDependency;
			package = A1B2C3D4E5F60718293A4B5D /* XCRemoteSwiftPackageReference "TOCropViewController" */;
			productName = CropViewController;
		};
		B1F7A6D53A2A4E8E90A1B2C3 /* GoogleSignIn */ = {
			isa = XCSwiftPackageProductDependency;
			package = B1F7A6D43A2A4E8E90A1B2C3 /* XCRemoteSwiftPackageReference "GoogleSignIn-iOS" */;
			productName = GoogleSignIn;
		};
		D4F012BA3B3D8A4C00A1AA01 /* GoogleSignInSwift */ = {
			isa = XCSwiftPackageProductDependency;
			package = B1F7A6D43A2A4E8E90A1B2C3 /* XCRemoteSwiftPackageReference "GoogleSignIn-iOS" */;
			productName = GoogleSignInSwift;
		};
		E8B07E3586D33D293ED83D95 /* KakaoSDKAuth */ = {
			isa = XCSwiftPackageProductDependency;
			package = 51228C5B7E899AF14E40B2DF /* XCRemoteSwiftPackageReference "kakao-ios-sdk" */;
			productName = KakaoSDKAuth;
		};
/* End XCSwiftPackageProductDependency section */
	};
	rootObject = 64BE9D9F2F41A497005AF678 /* Project object */;
}
